{
  "name": "prompt-energy-calculator",
  "version": "1.0.0",
  "lockfileVersion": 3,
  "requires": true,
  "packages": {
    "": {
      "name": "prompt-energy-calculator",
      "version": "1.0.0",
      "dependencies": {
        "@dqbd/tiktoken": "^1.0.7",
        "compromise": "^14.10.0",
        "text-readability": "^1.0.5"
      }
    },
    "node_modules/@dqbd/tiktoken": {
      "version": "1.0.21",
      "resolved": "https://registry.npmjs.org/@dqbd/tiktoken/-/tiktoken-1.0.21.tgz",
      "integrity": "sha512-grBxRSY9+/iBM205EWjbMm5ySeXQrhJyXWMP38VJd+pO2DRGraDAbi4n8J8T9M4XY1M/FHgonMcmu3J+KjcX0Q==",
      "license": "MIT"
    },
    "node_modules/@types/pluralize": {
      "version": "0.0.29",
      "resolved": "https://registry.npmjs.org/@types/pluralize/-/pluralize-0.0.29.tgz",
      "integrity": "sha512-BYOID+l2Aco2nBik+iYS4SZX0Lf20KPILP5RGmM1IgzdwNdTs0eebiFriOPcej1sX9mLnSoiNte5zcFxssgpGA==",
      "license": "MIT"
    },
    "node_modules/compromise": {
      "version": "14.14.4",
      "resolved": "https://registry.npmjs.org/compromise/-/compromise-14.14.4.tgz",
      "integrity": "sha512-QdbJwronwxeqb7a5KFK/+Y5YieZ4PE1f7ai0vU58Pp4jih+soDCBMuKVbhDEPQ+6+vI3vSiG4UAAjTAXLJw1Qw==",
      "license": "MIT",
      "dependencies": {
        "efrt": "2.7.0",
        "grad-school": "0.0.5",
        "suffix-thumb": "5.0.2"
      },
      "engines": {
        "node": ">=12.0.0"
      }
    },
    "node_modules/efrt": {
      "version": "2.7.0",
      "resolved": "https://registry.npmjs.org/efrt/-/efrt-2.7.0.tgz",
      "integrity": "sha512-/RInbCy1d4P6Zdfa+TMVsf/ufZVotat5hCw3QXmWtjU+3pFEOvOQ7ibo3aIxyCJw2leIeAMjmPj+1SLJiCpdrQ==",
      "license": "MIT",
      "engines": {
        "node": ">=12.0.0"
      }
    },
    "node_modules/grad-school": {
      "version": "0.0.5",
      "resolved": "https://registry.npmjs.org/grad-school/-/grad-school-0.0.5.tgz",
      "integrity": "sha512-rXunEHF9M9EkMydTBux7+IryYXEZinRk6g8OBOGDBzo/qWJjhTxy86i5q7lQYpCLHN8Sqv1XX3OIOc7ka2gtvQ==",
      "license": "MIT",
      "engines": {
        "node": ">=8.0.0"
      }
    },
    "node_modules/normalize-strings": {
      "version": "1.1.1",
      "resolved": "https://registry.npmjs.org/normalize-strings/-/normalize-strings-1.1.1.tgz",
      "integrity": "sha512-fARPRdTwmrQDLYhmeh7j/eZwrCP6WzxD6uKOdK/hT/uKACAE9AG2Bc2dgqOZLkfmmctHpfcJ9w3AQnfLgg3GYg==",
      "license": "MIT"
    },
    "node_modules/pluralize": {
      "version": "8.0.0",
      "resolved": "https://registry.npmjs.org/pluralize/-/pluralize-8.0.0.tgz",
      "integrity": "sha512-Nc3IT5yHzflTfbjgqWcCPpo7DaKy4FnpB0l/zCAW0Tc7jxAiuqSxHasntB3D7887LSrA93kDJ9IXovxJYxyLCA==",
      "license": "MIT",
      "engines": {
        "node": ">=4"
      }
    },
    "node_modules/suffix-thumb": {
      "version": "5.0.2",
      "resolved": "https://registry.npmjs.org/suffix-thumb/-/suffix-thumb-5.0.2.tgz",
      "integrity": "sha512-I5PWXAFKx3FYnI9a+dQMWNqTxoRt6vdBdb0O+BJ1sxXCWtSoQCusc13E58f+9p4MYx/qCnEMkD5jac6K2j3dgA==",
      "license": "MIT"
    },
    "node_modules/syllable": {
      "version": "5.0.1",
      "resolved": "https://registry.npmjs.org/syllable/-/syllable-5.0.1.tgz",
      "integrity": "sha512-HWtNCp6v7J8H0lrT8j1HHjfOLltRoDcC7QRFVu25p4BE52JqetXG65nqC7CsatT8WQRfY4Qvh93BWJIUxbmXFg==",
      "license": "MIT",
      "dependencies": {
        "@types/pluralize": "^0.0.29",
        "normalize-strings": "^1.1.0",
        "pluralize": "^8.0.0"
      },
      "bin": {
        "syllable": "cli.js"
      },
      "funding": {
        "type": "github",
        "url": "https://github.com/sponsors/wooorm"
      }
    },
    "node_modules/text-readability": {
      "version": "1.1.1",
      "resolved": "https://registry.npmjs.org/text-readability/-/text-readability-1.1.1.tgz",
      "integrity": "sha512-lo0KlcNRhlBAxTCEPXMFricim2vJVm0xAVdy40N6WQDn+MeKDBFxl0bMdP2YIMm9ph34CPvxYO/Lxb1QIi67ig==",
      "license": "ISC",
      "dependencies": {
        "pluralize": "^8.0.0",
        "syllable": "^5.0.1"
      }
    }
  }
}
